
Microsoft Visual Studio Solution File, Format Version 12.00
# Visual Studio 15
Project("{F2A71F9B-5D33-465A-A702-920D77279786}") = "EulerFS.Spec", "EulerFS.Spec\EulerFS.Spec.fsproj", "{1010A6EC-4006-44BF-A440-97052B04D08D}"
EndProject
Global
	GlobalSection(SolutionConfigurationPlatforms) = preSolution
		Debug|Any CPU = Debug|Any CPU
		Release|Any CPU = Release|Any CPU
	EndGlobalSection
	GlobalSection(ProjectConfigurationPlatforms) = postSolution
		{1010A6EC-4006-44BF-A440-97052B04D08D}.Debug|Any CPU.ActiveCfg = Debug|Any CPU
		{1010A6EC-4006-44BF-A440-97052B04D08D}.Debug|Any CPU.Build.0 = Debug|Any CPU
		{1010A6EC-4006-44BF-A440-97052B04D08D}.Release|Any CPU.ActiveCfg = Release|Any CPU
		{1010A6EC-4006-44BF-A440-97052B04D08D}.Release|Any CPU.Build.0 = Release|Any CPU
	EndGlobalSection
EndGlobal
